Microsoft Visual Studio Solution File, Format Version 11.00
# Visual Studio 2008

Project("{C96FBDB8-7987-7555-515C-C19AB66522AF}") = "realGroupProject", "Assembly-CSharp.csproj", "{44C2B76B-D124-6152-2A10-C585B41E19F9}"
EndProject
Global
	GlobalSection(SolutionConfigurationPlatforms) = preSolution
		Debug|Any CPU = Debug|Any CPU
		Release|Any CPU = Release|Any CPU
	EndGlobalSection
	GlobalSection(ProjectConfigurationPlatforms) = postSolution
		{44C2B76B-D124-6152-2A10-C585B41E19F9}.Debug|Any CPU.ActiveCfg = Debug|Any CPU
		{44C2B76B-D124-6152-2A10-C585B41E19F9}.Debug|Any CPU.Build.0 = Debug|Any CPU
		{44C2B76B-D124-6152-2A10-C585B41E19F9}.Release|Any CPU.ActiveCfg = Release|Any CPU
		{44C2B76B-D124-6152-2A10-C585B41E19F9}.Release|Any CPU.Build.0 = Release|Any CPU
	EndGlobalSection
	GlobalSection(SolutionProperties) = preSolution
		HideSolutionNode = FALSE
	EndGlobalSection
	GlobalSection(MonoDevelopProperties) = preSolution
		StartupItem = Assembly-CSharp.csproj
	EndGlobalSection
EndGlobal
